
Microsoft Visual Studio Solution File, Format Version 12.00
# Visual Studio Version 16
VisualStudioVersion = 16.0.31729.503
MinimumVisualStudioVersion = 10.0.40219.1
Project("{FAE04EC0-301F-11D3-BF4B-00C04F79EFBC}") = "InjDep", "InjDep.csproj", "{C6A99ABD-E30F-44B4-A472-4E04F82DF98F}"
EndProject
Global
	GlobalSection(SolutionConfigurationPlatforms) = preSolution
		Debug|Any CPU = Debug|Any CPU
		Release|Any CPU = Release|Any CPU
	EndGlobalSection
	GlobalSection(ProjectConfigurationPlatforms) = postSolution
		{C6A99ABD-E30F-44B4-A472-4E04F82DF98F}.Debug|Any CPU.ActiveCfg = Debug|Any CPU
		{C6A99ABD-E30F-44B4-A472-4E04F82DF98F}.Debug|Any CPU.Build.0 = Debug|Any CPU
		{C6A99ABD-E30F-44B4-A472-4E04F82DF98F}.Release|Any CPU.ActiveCfg = Release|Any CPU
		{C6A99ABD-E30F-44B4-A472-4E04F82DF98F}.Release|Any CPU.Build.0 = Release|Any CPU
	EndGlobalSection
	GlobalSection(SolutionProperties) = preSolution
		HideSolutionNode = FALSE
	EndGlobalSection
	GlobalSection(ExtensibilityGlobals) = postSolution
		SolutionGuid = {C02E58FB-FDD8-4A08-80EE-0BE9449EC2B3}
	EndGlobalSection
EndGlobal
